
Microsoft Visual Studio Solution File, Format Version 12.00
# Visual Studio Version 17
VisualStudioVersion = 17.8.34309.116
MinimumVisualStudioVersion = 10.0.40219.1
Project("{FAE04EC0-301F-11D3-BF4B-00C04F79EFBC}") = "Calculadora1", "Calculadora1\Calculadora1.csproj", "{80928032-95C3-4FF0-8D47-1935FE1124CC}"
EndProject
Global
	GlobalSection(SolutionConfigurationPlatforms) = preSolution
		Debug|Any CPU = Debug|Any CPU
		Release|Any CPU = Release|Any CPU
	EndGlobalSection
	GlobalSection(ProjectConfigurationPlatforms) = postSolution
		{80928032-95C3-4FF0-8D47-1935FE1124CC}.Debug|Any CPU.ActiveCfg = Debug|Any CPU
		{80928032-95C3-4FF0-8D47-1935FE1124CC}.Debug|Any CPU.Build.0 = Debug|Any CPU
		{80928032-95C3-4FF0-8D47-1935FE1124CC}.Release|Any CPU.ActiveCfg = Release|Any CPU
		{80928032-95C3-4FF0-8D47-1935FE1124CC}.Release|Any CPU.Build.0 = Release|Any CPU
	EndGlobalSection
	GlobalSection(SolutionProperties) = preSolution
		HideSolutionNode = FALSE
	EndGlobalSection
	GlobalSection(ExtensibilityGlobals) = postSolution
		SolutionGuid = {953712CE-DAC6-45F3-82A1-AB286048E47E}
	EndGlobalSection
EndGlobal
